{
  "lockfile_version": "1",
  "packages": {
    "awscli2@2.17.13": {
      "last_modified": "2024-07-31T08:48:38Z",
      "resolved": "github:NixOS/nixpkgs/c3392ad349a5227f4a3464dce87bcc5046692fce#awscli2",
      "source": "devbox-search",
      "version": "2.17.13",
      "systems": {
        "aarch64-darwin": {
          "outputs": [
            {
              "name": "out",
              "path": "/nix/store/f4r22hc2ibqim1isjc38i22xs3imymlj-awscli2-2.17.13",
              "default": true
            },
            {
              "name": "dist",
              "path": "/nix/store/vjb4w7nsrjq51gjbjhfc93jmalpcnr1d-awscli2-2.17.13-dist"
            }
          ],
          "store_path": "/nix/store/f4r22hc2ibqim1isjc38i22xs3imymlj-awscli2-2.17.13"
        },
        "aarch64-linux": {
          "outputs": [
            {
              "name": "out",
              "path": "/nix/store/m406yd4cwgb5gh52dgy9rcsgc4rgcmmc-awscli2-2.17.13",
              "default": true
            },
            {
              "name": "dist",
              "path": "/nix/store/73ijgw37h20bfszxdmwi4gcv597dm2sx-awscli2-2.17.13-dist"
            }
          ],
          "store_path": "/nix/store/m406yd4cwgb5gh52dgy9rcsgc4rgcmmc-awscli2-2.17.13"
        },
        "x86_64-darwin": {
          "outputs": [
            {
              "name": "out",
              "path": "/nix/store/llkaqgjm58mil5vlqfyih14zcbnbv3zh-awscli2-2.17.13",
              "default": true
            },
            {
              "name": "dist",
              "path": "/nix/store/h6lxgj4zixhq0apgs08xkh13n9qrjj6p-awscli2-2.17.13-dist"
            }
          ],
          "store_path": "/nix/store/llkaqgjm58mil5vlqfyih14zcbnbv3zh-awscli2-2.17.13"
        },
        "x86_64-linux": {
          "outputs": [
            {
              "name": "out",
              "path": "/nix/store/8mycmd646n57wsnbwl777h4f24g93rdp-awscli2-2.17.13",
              "default": true
            },
            {
              "name": "dist",
              "path": "/nix/store/14xfpp18cpddqlrbjypsd1r7bp2wp93v-awscli2-2.17.13-dist"
            }
          ],
          "store_path": "/nix/store/8mycmd646n57wsnbwl777h4f24g93rdp-awscli2-2.17.13"
        }
      }
    },
    "azure-cli@2.62.0": {
      "last_modified": "2024-08-05T22:10:44Z",
      "resolved": "github:NixOS/nixpkgs/d3f42bd62aa840084563e3b93e4eab73cb0a0448#azure-cli",
      "source": "devbox-search",
      "version": "2.62.0",
      "systems": {
        "aarch64-darwin": {
          "outputs": [
            {
              "name": "out",
              "path": "/nix/store/da2wv90zpdafqncsw2gsdrmnk40qh081-python3.11-azure-cli-2.62.0",
              "default": true
            },
            {
              "name": "dist",
              "path": "/nix/store/fcg40xq288ffd9svqa60ii54j54jgg35-python3.11-azure-cli-2.62.0-dist"
            }
          ],
          "store_path": "/nix/store/da2wv90zpdafqncsw2gsdrmnk40qh081-python3.11-azure-cli-2.62.0"
        },
        "aarch64-linux": {
          "outputs": [
            {
              "name": "out",
              "path": "/nix/store/1pj6cqp0binpsdvrvrf27rnh3i0akmcr-python3.11-azure-cli-2.62.0",
              "default": true
            },
            {
              "name": "dist",
              "path": "/nix/store/ppry6hjxfr7fk3n902izhfq8hrr5nnqh-python3.11-azure-cli-2.62.0-dist"
            }
          ],
          "store_path": "/nix/store/1pj6cqp0binpsdvrvrf27rnh3i0akmcr-python3.11-azure-cli-2.62.0"
        },
        "x86_64-darwin": {
          "outputs": [
            {
              "name": "out",
              "path": "/nix/store/9vf01fg78vw50bnyvnicmlyllsi4a39z-python3.11-azure-cli-2.62.0",
              "default": true
            },
            {
              "name": "dist",
              "path": "/nix/store/h5hx9g6y8g8r7whjz9s1wd229ksa2l6b-python3.11-azure-cli-2.62.0-dist"
            }
          ],
          "store_path": "/nix/store/9vf01fg78vw50bnyvnicmlyllsi4a39z-python3.11-azure-cli-2.62.0"
        },
        "x86_64-linux": {
          "outputs": [
            {
              "name": "out",
              "path": "/nix/store/w1iz7kx37a8ad1lxxhzgqd5x4w5qn6mw-python3.11-azure-cli-2.62.0",
              "default": true
            },
            {
              "name": "dist",
              "path": "/nix/store/lwh6if3biyk5f3s0zjj46xiglg0j1vjz-python3.11-azure-cli-2.62.0-dist"
            }
          ],
          "store_path": "/nix/store/w1iz7kx37a8ad1lxxhzgqd5x4w5qn6mw-python3.11-azure-cli-2.62.0"
        }
      }
    },
    "eksctl@0.187.0": {
      "last_modified": "2024-07-31T08:48:38Z",
      "resolved": "github:NixOS/nixpkgs/c3392ad349a5227f4a3464dce87bcc5046692fce#eksctl",
      "source": "devbox-search",
      "version": "0.187.0",
      "systems": {
        "aarch64-darwin": {
          "outputs": [
            {
              "name": "out",
              "path": "/nix/store/62fhwb5nqicldq7nsp88mdphkiy6mix6-eksctl-0.187.0",
              "default": true
            }
          ],
          "store_path": "/nix/store/62fhwb5nqicldq7nsp88mdphkiy6mix6-eksctl-0.187.0"
        },
        "aarch64-linux": {
          "outputs": [
            {
              "name": "out",
              "path": "/nix/store/2a8f1vfyljbh14mwmmzgqxfdcp7h112y-eksctl-0.187.0",
              "default": true
            }
          ],
          "store_path": "/nix/store/2a8f1vfyljbh14mwmmzgqxfdcp7h112y-eksctl-0.187.0"
        },
        "x86_64-darwin": {
          "outputs": [
            {
              "name": "out",
              "path": "/nix/store/0h3nb9mqkbggzci5lr27f6ajj9x09b25-eksctl-0.187.0",
              "default": true
            }
          ],
          "store_path": "/nix/store/0h3nb9mqkbggzci5lr27f6ajj9x09b25-eksctl-0.187.0"
        },
        "x86_64-linux": {
          "outputs": [
            {
              "name": "out",
              "path": "/nix/store/1bsn28dyql2lcp927pj99ap9acqi59s3-eksctl-0.187.0",
              "default": true
            }
          ],
          "store_path": "/nix/store/1bsn28dyql2lcp927pj99ap9acqi59s3-eksctl-0.187.0"
        }
      }
    },
    "gum@0.14.3": {
      "last_modified": "2024-07-31T08:48:38Z",
      "resolved": "github:NixOS/nixpkgs/c3392ad349a5227f4a3464dce87bcc5046692fce#gum",
      "source": "devbox-search",
      "version": "0.14.3",
      "systems": {
        "aarch64-darwin": {
          "outputs": [
            {
              "name": "out",
              "path": "/nix/store/nz6k85xrxacczcfnq0kigcsigxbfpwhk-gum-0.14.3",
              "default": true
            }
          ],
          "store_path": "/nix/store/nz6k85xrxacczcfnq0kigcsigxbfpwhk-gum-0.14.3"
        },
        "aarch64-linux": {
          "outputs": [
            {
              "name": "out",
              "path": "/nix/store/81bzbzmm6ryr8319wr9vikrvxqlzhcdk-gum-0.14.3",
              "default": true
            }
          ],
          "store_path": "/nix/store/81bzbzmm6ryr8319wr9vikrvxqlzhcdk-gum-0.14.3"
        },
        "x86_64-darwin": {
          "outputs": [
            {
              "name": "out",
              "path": "/nix/store/ddzn78h6b8dp3b4sv65w75b4c4dcxsbi-gum-0.14.3",
              "default": true
            }
          ],
          "store_path": "/nix/store/ddzn78h6b8dp3b4sv65w75b4c4dcxsbi-gum-0.14.3"
        },
        "x86_64-linux": {
          "outputs": [
            {
              "name": "out",
              "path": "/nix/store/8d15pvy5v2r31izz0jgfjl3s4a5n66ag-gum-0.14.3",
              "default": true
            }
          ],
          "store_path": "/nix/store/8d15pvy5v2r31izz0jgfjl3s4a5n66ag-gum-0.14.3"
        }
      }
    },
    "hey@0.1.4": {
      "last_modified": "2024-07-31T08:48:38Z",
      "resolved": "github:NixOS/nixpkgs/c3392ad349a5227f4a3464dce87bcc5046692fce#hey",
      "source": "devbox-search",
      "version": "0.1.4",
      "systems": {
        "aarch64-darwin": {
          "outputs": [
            {
              "name": "out",
              "path": "/nix/store/57cgbpxkxvmh0q69xqhf1ysmb9xhflyg-hey-0.1.4",
              "default": true
            }
          ],
          "store_path": "/nix/store/57cgbpxkxvmh0q69xqhf1ysmb9xhflyg-hey-0.1.4"
        },
        "aarch64-linux": {
          "outputs": [
            {
              "name": "out",
              "path": "/nix/store/lb2c8kzh8ijwbhkpa2l0rsg2v8rmcyjf-hey-0.1.4",
              "default": true
            }
          ],
          "store_path": "/nix/store/lb2c8kzh8ijwbhkpa2l0rsg2v8rmcyjf-hey-0.1.4"
        },
        "x86_64-darwin": {
          "outputs": [
            {
              "name": "out",
              "path": "/nix/store/in6jwniy3vkby48ly7qm5j847schdjl6-hey-0.1.4",
              "default": true
            }
          ],
          "store_path": "/nix/store/in6jwniy3vkby48ly7qm5j847schdjl6-hey-0.1.4"
        },
        "x86_64-linux": {
          "outputs": [
            {
              "name": "out",
              "path": "/nix/store/awhf9fnzd3p5qd49bb8jvdl8fs1wj4zv-hey-0.1.4",
              "default": true
            }
          ],
          "store_path": "/nix/store/awhf9fnzd3p5qd49bb8jvdl8fs1wj4zv-hey-0.1.4"
        }
      }
    },
    "jq@1.7.1": {
      "last_modified": "2024-08-14T02:42:29Z",
      "resolved": "github:NixOS/nixpkgs/daf7bb95821b789db24fc1ac21f613db0c1bf2cb#jq",
      "source": "devbox-search",
      "version": "1.7.1",
      "systems": {
        "aarch64-darwin": {
          "outputs": [
            {
              "name": "bin",
              "path": "/nix/store/d9wxqi1f75zarf9wbiwlli3n0nbqhjd7-jq-1.7.1-bin",
              "default": true
            },
            {
              "name": "man",
              "path": "/nix/store/p0cvcl9a2qxgvlbsmmx26blr9h6k9kwz-jq-1.7.1-man",
              "default": true
            },
            {
              "name": "lib",
              "path": "/nix/store/6cd405yg737s18blzgvqzgyw96fl1x0p-jq-1.7.1-lib"
            },
            {
              "name": "out",
              "path": "/nix/store/p08mdq0qx0l3yzpnh17ll9dc47bwnvsv-jq-1.7.1"
            },
            {
              "name": "dev",
              "path": "/nix/store/0hz6vhnzw7mfiw3w20cnzq36c2y27n2f-jq-1.7.1-dev"
            },
            {
              "name": "doc",
              "path": "/nix/store/9br49dwjvgdgj0x31c4pv4rq1canwa60-jq-1.7.1-doc"
            }
          ],
          "store_path": "/nix/store/d9wxqi1f75zarf9wbiwlli3n0nbqhjd7-jq-1.7.1-bin"
        },
        "aarch64-linux": {
          "outputs": [
            {
              "name": "bin",
              "path": "/nix/store/hd0ngywgcjbn6jnmcnvm0d4lmg0s99l0-jq-1.7.1-bin",
              "default": true
            },
            {
              "name": "man",
              "path": "/nix/store/s4v2nw498ck1rwx2j90gks1ydix9ha3q-jq-1.7.1-man",
              "default": true
            },
            {
              "name": "lib",
              "path": "/nix/store/pp2063qjgqik7k5d6iwwpc8wn52jbick-jq-1.7.1-lib"
            },
            {
              "name": "out",
              "path": "/nix/store/fz0dc5yykkk2lh8d9kndsywqwl68aiy2-jq-1.7.1"
            },
            {
              "name": "dev",
              "path": "/nix/store/w9h3rnm5cgzj90xhbg4p8ki4ns8s0ikl-jq-1.7.1-dev"
            },
            {
              "name": "doc",
              "path": "/nix/store/a0c7dharmysjskkgp0zfkqp3z175b5pg-jq-1.7.1-doc"
            }
          ],
          "store_path": "/nix/store/hd0ngywgcjbn6jnmcnvm0d4lmg0s99l0-jq-1.7.1-bin"
        },
        "x86_64-darwin": {
          "outputs": [
            {
              "name": "bin",
              "path": "/nix/store/kwkps100pvk6s8is34bqp1ycydbn2v7a-jq-1.7.1-bin",
              "default": true
            },
            {
              "name": "man",
              "path": "/nix/store/x46yqlsn1357pcpm7nvbrs863aak2pyb-jq-1.7.1-man",
              "default": true
            },
            {
              "name": "out",
              "path": "/nix/store/5pl3gvxdjpvig6cvv77fzg8asaalx07d-jq-1.7.1"
            },
            {
              "name": "dev",
              "path": "/nix/store/69z4pdr45l1ixix3bjnfyfy1wqfshmby-jq-1.7.1-dev"
            },
            {
              "name": "doc",
              "path": "/nix/store/6qlmlhii37fxxc36c54z5jb3xqjk2fp8-jq-1.7.1-doc"
            },
            {
              "name": "lib",
              "path": "/nix/store/61l4nqvpfpx7ilk9xdjbn2y8knk72kv4-jq-1.7.1-lib"
            }
          ],
          "store_path": "/nix/store/kwkps100pvk6s8is34bqp1ycydbn2v7a-jq-1.7.1-bin"
        },
        "x86_64-linux": {
          "outputs": [
            {
              "name": "bin",
              "path": "/nix/store/yw7dn51dwbmw2pkx5fqhgadpzyv8f724-jq-1.7.1-bin",
              "default": true
            },
            {
              "name": "man",
              "path": "/nix/store/kvi43jy0kzsbkq4kmfgmrk6yw596bnb4-jq-1.7.1-man",
              "default": true
            },
            {
              "name": "out",
              "path": "/nix/store/h2lkpgx68cisqrka1x0arskiv39ngkm6-jq-1.7.1"
            },
            {
              "name": "dev",
              "path": "/nix/store/wvcfmwz1hjs1fx4i182yfwwcvf01j1x8-jq-1.7.1-dev"
            },
            {
              "name": "doc",
              "path": "/nix/store/6gfjfw1akzpkhh3rfqbyyshpxaj9d1hw-jq-1.7.1-doc"
            },
            {
              "name": "lib",
              "path": "/nix/store/jn7ahwhssnkkg1m669x78qq163y3zyz3-jq-1.7.1-lib"
            }
          ],
          "store_path": "/nix/store/yw7dn51dwbmw2pkx5fqhgadpzyv8f724-jq-1.7.1-bin"
        }
      }
    },
    "kind@0.23.0": {
      "last_modified": "2024-07-31T08:48:38Z",
      "resolved": "github:NixOS/nixpkgs/c3392ad349a5227f4a3464dce87bcc5046692fce#kind",
      "source": "devbox-search",
      "version": "0.23.0",
      "systems": {
        "aarch64-darwin": {
          "outputs": [
            {
              "name": "out",
              "path": "/nix/store/kr4ninq2zzpcsa6zhsjhmf51s07akwf1-kind-0.23.0",
              "default": true
            }
          ],
          "store_path": "/nix/store/kr4ninq2zzpcsa6zhsjhmf51s07akwf1-kind-0.23.0"
        },
        "aarch64-linux": {
          "outputs": [
            {
              "name": "out",
              "path": "/nix/store/l8w7cnsf0yw7rp3gxry3v41x0by6p2vn-kind-0.23.0",
              "default": true
            }
          ],
          "store_path": "/nix/store/l8w7cnsf0yw7rp3gxry3v41x0by6p2vn-kind-0.23.0"
        },
        "x86_64-darwin": {
          "outputs": [
            {
              "name": "out",
              "path": "/nix/store/4ifhijdnd34mzl5laq19racpny4056a0-kind-0.23.0",
              "default": true
            }
          ],
          "store_path": "/nix/store/4ifhijdnd34mzl5laq19racpny4056a0-kind-0.23.0"
        },
        "x86_64-linux": {
          "outputs": [
            {
              "name": "out",
              "path": "/nix/store/py3aak1f2mr4h8widpjyz7hzxbc48n0n-kind-0.23.0",
              "default": true
            }
          ],
          "store_path": "/nix/store/py3aak1f2mr4h8widpjyz7hzxbc48n0n-kind-0.23.0"
        }
      }
    },
    "kubectl@1.30.2": {
      "last_modified": "2024-07-31T08:48:38Z",
      "resolved": "github:NixOS/nixpkgs/c3392ad349a5227f4a3464dce87bcc5046692fce#kubectl",
      "source": "devbox-search",
      "version": "1.30.2",
      "systems": {
        "aarch64-darwin": {
          "outputs": [
            {
              "name": "out",
              "path": "/nix/store/fbwr9m71xcvk20hizqx6v3xk27b7jx2s-kubectl-1.30.2",
              "default": true
            },
            {
              "name": "man",
              "path": "/nix/store/ckr3f7xn78bhvgici2yspf55d3yk4fc2-kubectl-1.30.2-man",
              "default": true
            },
            {
              "name": "convert",
              "path": "/nix/store/j0r251b96z6f7c4lhh64ia0hfzlal4j4-kubectl-1.30.2-convert"
            }
          ],
          "store_path": "/nix/store/fbwr9m71xcvk20hizqx6v3xk27b7jx2s-kubectl-1.30.2"
        },
        "aarch64-linux": {
          "outputs": [
            {
              "name": "out",
              "path": "/nix/store/bzmvrs9c7l65v0yzanwg67ifj1p3mgp6-kubectl-1.30.2",
              "default": true
            },
            {
              "name": "man",
              "path": "/nix/store/hdaqqi6k9hrc38y3rpfmcc7r2mbs8i82-kubectl-1.30.2-man",
              "default": true
            },
            {
              "name": "convert",
              "path": "/nix/store/yjqm0lblbvi6s5qbqajj8cgwb2wqdmml-kubectl-1.30.2-convert"
            }
          ],
          "store_path": "/nix/store/bzmvrs9c7l65v0yzanwg67ifj1p3mgp6-kubectl-1.30.2"
        },
        "x86_64-darwin": {
          "outputs": [
            {
              "name": "out",
              "path": "/nix/store/kw05xlj4qjsrkn43m28b1vxrylr555xc-kubectl-1.30.2",
              "default": true
            },
            {
              "name": "man",
              "path": "/nix/store/52dsa7q1h068f5scrmlqbk81hn9x1269-kubectl-1.30.2-man",
              "default": true
            },
            {
              "name": "convert",
              "path": "/nix/store/3ysyvy6v2m3ziwac346sdv8rfdws9a26-kubectl-1.30.2-convert"
            }
          ],
          "store_path": "/nix/store/kw05xlj4qjsrkn43m28b1vxrylr555xc-kubectl-1.30.2"
        },
        "x86_64-linux": {
          "outputs": [
            {
              "name": "out",
              "path": "/nix/store/zvqxx8phwwaq4lm29zr4z6dl0lbcsaz5-kubectl-1.30.2",
              "default": true
            },
            {
              "name": "man",
              "path": "/nix/store/3vw2hy29kzjnysczxjc67i26ah2drpn9-kubectl-1.30.2-man",
              "default": true
            },
            {
              "name": "convert",
              "path": "/nix/store/hs6w3m0z6w3g56dmalkvdv4mcky7230n-kubectl-1.30.2-convert"
            }
          ],
          "store_path": "/nix/store/zvqxx8phwwaq4lm29zr4z6dl0lbcsaz5-kubectl-1.30.2"
        }
      }
    },
    "kubernetes-helm@3.15.2": {
      "last_modified": "2024-07-07T07:43:47Z",
      "resolved": "github:NixOS/nixpkgs/b60793b86201040d9dee019a05089a9150d08b5b#kubernetes-helm",
      "source": "devbox-search",
      "version": "3.15.2",
      "systems": {
        "aarch64-darwin": {
          "outputs": [
            {
              "name": "out",
              "path": "/nix/store/svgmhkl47asx8r999aiv8db9gc79mn09-kubernetes-helm-3.15.2",
              "default": true
            }
          ],
          "store_path": "/nix/store/svgmhkl47asx8r999aiv8db9gc79mn09-kubernetes-helm-3.15.2"
        },
        "aarch64-linux": {
          "outputs": [
            {
              "name": "out",
              "path": "/nix/store/zg9a8pk65mp7gy645j408lck3psc1m45-kubernetes-helm-3.15.2",
              "default": true
            }
          ],
          "store_path": "/nix/store/zg9a8pk65mp7gy645j408lck3psc1m45-kubernetes-helm-3.15.2"
        },
        "x86_64-darwin": {
          "outputs": [
            {
              "name": "out",
              "path": "/nix/store/dnpl9y8vwxx130hg8i5s7zigcpq6a67i-kubernetes-helm-3.15.2",
              "default": true
            }
          ],
          "store_path": "/nix/store/dnpl9y8vwxx130hg8i5s7zigcpq6a67i-kubernetes-helm-3.15.2"
        },
        "x86_64-linux": {
          "outputs": [
            {
              "name": "out",
              "path": "/nix/store/p0hahjjjvnixs864zsfd3cn9k586wca3-kubernetes-helm-3.15.2",
              "default": true
            }
          ],
          "store_path": "/nix/store/p0hahjjjvnixs864zsfd3cn9k586wca3-kubernetes-helm-3.15.2"
        }
      }
    },
    "teller@2.0.7": {
      "last_modified": "2024-07-31T08:48:38Z",
      "resolved": "github:NixOS/nixpkgs/c3392ad349a5227f4a3464dce87bcc5046692fce#teller",
      "source": "devbox-search",
      "version": "2.0.7",
      "systems": {
        "aarch64-darwin": {
          "outputs": [
            {
              "name": "out",
              "path": "/nix/store/alrvm8pbvvg0x2jk3g4cfhwwfaksr160-teller-2.0.7",
              "default": true
            }
          ],
          "store_path": "/nix/store/alrvm8pbvvg0x2jk3g4cfhwwfaksr160-teller-2.0.7"
        },
        "aarch64-linux": {
          "outputs": [
            {
              "name": "out",
              "path": "/nix/store/sdwqxb2g7lic74k6ma7i9kwx60sh4rv5-teller-2.0.7",
              "default": true
            }
          ],
          "store_path": "/nix/store/sdwqxb2g7lic74k6ma7i9kwx60sh4rv5-teller-2.0.7"
        },
        "x86_64-darwin": {
          "outputs": [
            {
              "name": "out",
              "path": "/nix/store/7agacshy25d1z57ka0wsmn3arrywa4qq-teller-2.0.7",
              "default": true
            }
          ],
          "store_path": "/nix/store/7agacshy25d1z57ka0wsmn3arrywa4qq-teller-2.0.7"
        },
        "x86_64-linux": {
          "outputs": [
            {
              "name": "out",
              "path": "/nix/store/28m67plh6wxjil9n6wwag9wvzfim1s3p-teller-2.0.7",
              "default": true
            }
          ],
          "store_path": "/nix/store/28m67plh6wxjil9n6wwag9wvzfim1s3p-teller-2.0.7"
        }
      }
    },
    "viddy@0.4.0": {
      "last_modified": "2024-07-31T08:48:38Z",
      "resolved": "github:NixOS/nixpkgs/c3392ad349a5227f4a3464dce87bcc5046692fce#viddy",
      "source": "devbox-search",
      "version": "0.4.0",
      "systems": {
        "aarch64-darwin": {
          "outputs": [
            {
              "name": "out",
              "path": "/nix/store/1l267wsiazdaj1dq0z4p4jjmdcd4wc3h-viddy-0.4.0",
              "default": true
            }
          ],
          "store_path": "/nix/store/1l267wsiazdaj1dq0z4p4jjmdcd4wc3h-viddy-0.4.0"
        },
        "aarch64-linux": {
          "outputs": [
            {
              "name": "out",
              "path": "/nix/store/c2ywh6s5767hjhw3ffgnqrs7pxx4xw7s-viddy-0.4.0",
              "default": true
            }
          ],
          "store_path": "/nix/store/c2ywh6s5767hjhw3ffgnqrs7pxx4xw7s-viddy-0.4.0"
        },
        "x86_64-darwin": {
          "outputs": [
            {
              "name": "out",
              "path": "/nix/store/j8wfp4dzbl3m72fj56xijikncs597n7i-viddy-0.4.0",
              "default": true
            }
          ],
          "store_path": "/nix/store/j8wfp4dzbl3m72fj56xijikncs597n7i-viddy-0.4.0"
        },
        "x86_64-linux": {
          "outputs": [
            {
              "name": "out",
              "path": "/nix/store/9pqaz5y1bh4nb80c238zlca5axmfvznq-viddy-0.4.0",
              "default": true
            }
          ],
          "store_path": "/nix/store/9pqaz5y1bh4nb80c238zlca5axmfvznq-viddy-0.4.0"
        }
      }
    },
    "yq-go@4.44.2": {
      "last_modified": "2024-07-31T08:48:38Z",
      "resolved": "github:NixOS/nixpkgs/c3392ad349a5227f4a3464dce87bcc5046692fce#yq-go",
      "source": "devbox-search",
      "version": "4.44.2",
      "systems": {
        "aarch64-darwin": {
          "outputs": [
            {
              "name": "out",
              "path": "/nix/store/pg184xj1w33l77ldjqdgmp4lm7w1lrqw-yq-go-4.44.2",
              "default": true
            }
          ],
          "store_path": "/nix/store/pg184xj1w33l77ldjqdgmp4lm7w1lrqw-yq-go-4.44.2"
        },
        "aarch64-linux": {
          "outputs": [
            {
              "name": "out",
              "path": "/nix/store/67y6qbz2yfhzg0zyk5gqjpj2w0ikk8bs-yq-go-4.44.2",
              "default": true
            }
          ],
          "store_path": "/nix/store/67y6qbz2yfhzg0zyk5gqjpj2w0ikk8bs-yq-go-4.44.2"
        },
        "x86_64-darwin": {
          "outputs": [
            {
              "name": "out",
              "path": "/nix/store/6s1pxmck5vfqsjwiq3xfrk22sh8s34cs-yq-go-4.44.2",
              "default": true
            }
          ],
          "store_path": "/nix/store/6s1pxmck5vfqsjwiq3xfrk22sh8s34cs-yq-go-4.44.2"
        },
        "x86_64-linux": {
          "outputs": [
            {
              "name": "out",
              "path": "/nix/store/r70imihhswfkw0j5dgk08qlhk2di7s22-yq-go-4.44.2",
              "default": true
            }
          ],
          "store_path": "/nix/store/r70imihhswfkw0j5dgk08qlhk2di7s22-yq-go-4.44.2"
        }
      }
    },
    "zellij@0.40.1": {
      "last_modified": "2024-07-31T08:48:38Z",
      "resolved": "github:NixOS/nixpkgs/c3392ad349a5227f4a3464dce87bcc5046692fce#zellij",
      "source": "devbox-search",
      "version": "0.40.1",
      "systems": {
        "aarch64-darwin": {
          "outputs": [
            {
              "name": "out",
              "path": "/nix/store/p028f464mismmc4wdip6pbs2fj55fhb0-zellij-0.40.1",
              "default": true
            }
          ],
          "store_path": "/nix/store/p028f464mismmc4wdip6pbs2fj55fhb0-zellij-0.40.1"
        },
        "aarch64-linux": {
          "outputs": [
            {
              "name": "out",
              "path": "/nix/store/radgdycriimhii8bs1z0l13r64y4z5n2-zellij-0.40.1",
              "default": true
            }
          ],
          "store_path": "/nix/store/radgdycriimhii8bs1z0l13r64y4z5n2-zellij-0.40.1"
        },
        "x86_64-darwin": {
          "outputs": [
            {
              "name": "out",
              "path": "/nix/store/vas240mgjraga9wf3x414wv9nvp9xzqv-zellij-0.40.1",
              "default": true
            }
          ],
          "store_path": "/nix/store/vas240mgjraga9wf3x414wv9nvp9xzqv-zellij-0.40.1"
        },
        "x86_64-linux": {
          "outputs": [
            {
              "name": "out",
              "path": "/nix/store/58mdhxb353gfc46mwick0yp52ri72vgv-zellij-0.40.1",
              "default": true
            }
          ],
          "store_path": "/nix/store/58mdhxb353gfc46mwick0yp52ri72vgv-zellij-0.40.1"
        }
      }
    }
  }
}
