{
  "lockfile_version": "1",
  "packages": {
    "hey@0.1.4": {
      "last_modified": "2024-07-07T07:43:47Z",
      "resolved": "github:NixOS/nixpkgs/b60793b86201040d9dee019a05089a9150d08b5b#hey",
      "source": "devbox-search",
      "version": "0.1.4",
      "systems": {
        "aarch64-darwin": {
          "outputs": [
            {
              "name": "out",
              "path": "/nix/store/bcgppbvrh71rsgf965ys8l5f86gsai9g-hey-0.1.4",
              "default": true
            }
          ],
          "store_path": "/nix/store/bcgppbvrh71rsgf965ys8l5f86gsai9g-hey-0.1.4"
        },
        "aarch64-linux": {
          "outputs": [
            {
              "name": "out",
              "path": "/nix/store/076kmjbniw7idz9di1g3xvfymksflyrh-hey-0.1.4",
              "default": true
            }
          ],
          "store_path": "/nix/store/076kmjbniw7idz9di1g3xvfymksflyrh-hey-0.1.4"
        },
        "x86_64-darwin": {
          "outputs": [
            {
              "name": "out",
              "path": "/nix/store/5bijm2ps7gnp9pzb0zxnwv4znqnsb83k-hey-0.1.4",
              "default": true
            }
          ],
          "store_path": "/nix/store/5bijm2ps7gnp9pzb0zxnwv4znqnsb83k-hey-0.1.4"
        },
        "x86_64-linux": {
          "outputs": [
            {
              "name": "out",
              "path": "/nix/store/5qrzdk8bqjb6g1z49m35d9dnbzja51iq-hey-0.1.4",
              "default": true
            }
          ],
          "store_path": "/nix/store/5qrzdk8bqjb6g1z49m35d9dnbzja51iq-hey-0.1.4"
        }
      }
    },
    "kind@0.23.0": {
      "last_modified": "2024-05-29T10:04:41Z",
      "resolved": "github:NixOS/nixpkgs/ac82a513e55582291805d6f09d35b6d8b60637a1#kind",
      "source": "devbox-search",
      "version": "0.23.0",
      "systems": {
        "aarch64-darwin": {
          "outputs": [
            {
              "name": "out",
              "path": "/nix/store/lg81ng5l5c7naqww8qqlmqnixvpx8xzs-kind-0.23.0",
              "default": true
            }
          ],
          "store_path": "/nix/store/lg81ng5l5c7naqww8qqlmqnixvpx8xzs-kind-0.23.0"
        },
        "aarch64-linux": {
          "outputs": [
            {
              "name": "out",
              "path": "/nix/store/jndyfwjc9hsf1rhvh0yxqsqw0hqqs8j8-kind-0.23.0",
              "default": true
            }
          ],
          "store_path": "/nix/store/jndyfwjc9hsf1rhvh0yxqsqw0hqqs8j8-kind-0.23.0"
        },
        "x86_64-darwin": {
          "outputs": [
            {
              "name": "out",
              "path": "/nix/store/q1ymfg7wsdlmp9b11kpb3pmshrdfbyjj-kind-0.23.0",
              "default": true
            }
          ],
          "store_path": "/nix/store/q1ymfg7wsdlmp9b11kpb3pmshrdfbyjj-kind-0.23.0"
        },
        "x86_64-linux": {
          "outputs": [
            {
              "name": "out",
              "path": "/nix/store/8if8dwbvyalf0cfk0vkaysvcmkva9syh-kind-0.23.0",
              "default": true
            }
          ],
          "store_path": "/nix/store/8if8dwbvyalf0cfk0vkaysvcmkva9syh-kind-0.23.0"
        }
      }
    },
    "kubectl@1.30.2": {
      "last_modified": "2024-06-15T05:08:39Z",
      "resolved": "github:NixOS/nixpkgs/e6cea36f83499eb4e9cd184c8a8e823296b50ad5#kubectl",
      "source": "devbox-search",
      "version": "1.30.2",
      "systems": {
        "aarch64-darwin": {
          "outputs": [
            {
              "name": "out",
              "path": "/nix/store/m0gbfz9gik98yzhgcd6xidciy6cx97db-kubectl-1.30.2",
              "default": true
            },
            {
              "name": "man",
              "path": "/nix/store/rlhd3f9cp4dr9hbgla1cxrjf3xpb10nz-kubectl-1.30.2-man",
              "default": true
            },
            {
              "name": "convert",
              "path": "/nix/store/c4gfbvanvb8gvjy4aaf72b1q02k9s05x-kubectl-1.30.2-convert"
            }
          ],
          "store_path": "/nix/store/m0gbfz9gik98yzhgcd6xidciy6cx97db-kubectl-1.30.2"
        },
        "aarch64-linux": {
          "outputs": [
            {
              "name": "out",
              "path": "/nix/store/xapz2mx1cz0waydn2c4d0909gxi86x1z-kubectl-1.30.2",
              "default": true
            },
            {
              "name": "man",
              "path": "/nix/store/m9j55k3ljhzdabckfvfna8wcxjqh3bj7-kubectl-1.30.2-man",
              "default": true
            },
            {
              "name": "convert",
              "path": "/nix/store/nwdry7pfxjddsfajj3hp0lz32vj1yc07-kubectl-1.30.2-convert"
            }
          ],
          "store_path": "/nix/store/xapz2mx1cz0waydn2c4d0909gxi86x1z-kubectl-1.30.2"
        },
        "x86_64-darwin": {
          "outputs": [
            {
              "name": "out",
              "path": "/nix/store/xz4glrff9rjyai98zkzf4x1r854f5p18-kubectl-1.30.2",
              "default": true
            },
            {
              "name": "man",
              "path": "/nix/store/icza9d5c34sjhai6h5z42rxz5yc206dz-kubectl-1.30.2-man",
              "default": true
            },
            {
              "name": "convert",
              "path": "/nix/store/70qir3fkkpq4zkymzw3r8nf6x3x2zbf7-kubectl-1.30.2-convert"
            }
          ],
          "store_path": "/nix/store/xz4glrff9rjyai98zkzf4x1r854f5p18-kubectl-1.30.2"
        },
        "x86_64-linux": {
          "outputs": [
            {
              "name": "out",
              "path": "/nix/store/a9ap9aay0smjsgrs2wlza4375zg28ci5-kubectl-1.30.2",
              "default": true
            },
            {
              "name": "man",
              "path": "/nix/store/hx19q9wnhnwlqj5995qj42b1m4dv7qz7-kubectl-1.30.2-man",
              "default": true
            },
            {
              "name": "convert",
              "path": "/nix/store/9ms9azzhws45fzbjks1m888i50x1hgl0-kubectl-1.30.2-convert"
            }
          ],
          "store_path": "/nix/store/a9ap9aay0smjsgrs2wlza4375zg28ci5-kubectl-1.30.2"
        }
      }
    },
    "kubernetes-helm@3.15.2": {
      "last_modified": "2024-06-14T20:22:02Z",
      "resolved": "github:NixOS/nixpkgs/3e6b9369165397184774a4b7c5e8e5e46531b53f#kubernetes-helm",
      "source": "devbox-search",
      "version": "3.15.2",
      "systems": {
        "aarch64-darwin": {
          "outputs": [
            {
              "name": "out",
              "path": "/nix/store/ki517hpb3g0hyzgr7xa48v58x0nqf6a6-kubernetes-helm-3.15.2",
              "default": true
            }
          ],
          "store_path": "/nix/store/ki517hpb3g0hyzgr7xa48v58x0nqf6a6-kubernetes-helm-3.15.2"
        },
        "aarch64-linux": {
          "outputs": [
            {
              "name": "out",
              "path": "/nix/store/0il4db94zyswzsaix8h01rs1zpsk042z-kubernetes-helm-3.15.2",
              "default": true
            }
          ],
          "store_path": "/nix/store/0il4db94zyswzsaix8h01rs1zpsk042z-kubernetes-helm-3.15.2"
        },
        "x86_64-darwin": {
          "outputs": [
            {
              "name": "out",
              "path": "/nix/store/00qnjv64b9y4sjbqimzvc0617vz8kq49-kubernetes-helm-3.15.2",
              "default": true
            }
          ],
          "store_path": "/nix/store/00qnjv64b9y4sjbqimzvc0617vz8kq49-kubernetes-helm-3.15.2"
        },
        "x86_64-linux": {
          "outputs": [
            {
              "name": "out",
              "path": "/nix/store/9ri59jqd8jxjg40zk3jprzvj677sr3h7-kubernetes-helm-3.15.2",
              "default": true
            }
          ],
          "store_path": "/nix/store/9ri59jqd8jxjg40zk3jprzvj677sr3h7-kubernetes-helm-3.15.2"
        }
      }
    },
    "yq-go@4.44.2": {
      "last_modified": "2024-07-07T07:43:47Z",
      "resolved": "github:NixOS/nixpkgs/b60793b86201040d9dee019a05089a9150d08b5b#yq-go",
      "source": "devbox-search",
      "version": "4.44.2",
      "systems": {
        "aarch64-darwin": {
          "outputs": [
            {
              "name": "out",
              "path": "/nix/store/9ligkp5qi70iw6fkbvwndd4i0q7wsnnm-yq-go-4.44.2",
              "default": true
            }
          ],
          "store_path": "/nix/store/9ligkp5qi70iw6fkbvwndd4i0q7wsnnm-yq-go-4.44.2"
        },
        "aarch64-linux": {
          "outputs": [
            {
              "name": "out",
              "path": "/nix/store/j7q1m9plx6dz6yhqakvm55gdssy9mm77-yq-go-4.44.2",
              "default": true
            }
          ],
          "store_path": "/nix/store/j7q1m9plx6dz6yhqakvm55gdssy9mm77-yq-go-4.44.2"
        },
        "x86_64-darwin": {
          "outputs": [
            {
              "name": "out",
              "path": "/nix/store/mjf8z70gc0yd7df26rb685jcrabpv1ai-yq-go-4.44.2",
              "default": true
            }
          ],
          "store_path": "/nix/store/mjf8z70gc0yd7df26rb685jcrabpv1ai-yq-go-4.44.2"
        },
        "x86_64-linux": {
          "outputs": [
            {
              "name": "out",
              "path": "/nix/store/5acb6ayzsgd0s19ic88rgn6x7xaygffn-yq-go-4.44.2",
              "default": true
            }
          ],
          "store_path": "/nix/store/5acb6ayzsgd0s19ic88rgn6x7xaygffn-yq-go-4.44.2"
        }
      }
    }
  }
}
